{
  "nodes": {
    "_1password-shell-plugins": {
      "inputs": {
        "flake-utils": "flake-utils",
        "nixpkgs": "nixpkgs"
      },
      "locked": {
        "lastModified": 1736867504,
        "narHash": "sha256-rAIwer/Pd6nY4+9dnSd5iBKiyCP8NtjIX9Vzv3nGPxQ=",
        "owner": "1Password",
        "repo": "shell-plugins",
        "rev": "6e74fd81477dcf0acaff7afaa919183ee56a7416",
        "type": "github"
      },
      "original": {
        "owner": "1Password",
        "repo": "shell-plugins",
        "type": "github"
      }
    },
    "darwin": {
      "inputs": {
        "nixpkgs": [
          "nixpkgs"
        ]
      },
      "locked": {
        "lastModified": 1741229100,
        "narHash": "sha256-0HwrTDXp9buEwal/1ymK9uQmzUD5ozIA7CJGqnT/gLs=",
        "owner": "lnl7",
        "repo": "nix-darwin",
        "rev": "adf5c88ba1fe21af5c083b4d655004431f20c5ab",
        "type": "github"
      },
      "original": {
        "owner": "lnl7",
        "repo": "nix-darwin",
        "type": "github"
      }
    },
    "flake-utils": {
      "inputs": {
        "systems": "systems"
      },
      "locked": {
        "lastModified": 1710146030,
        "narHash": "sha256-SZ5L6eA7HJ/nmkzGG7/ISclqe6oZdOZTNoesiInkXPQ=",
        "owner": "numtide",
        "repo": "flake-utils",
        "rev": "b1d9ab70662946ef0850d488da1c9019f3a9752a",
        "type": "github"
      },
      "original": {
        "owner": "numtide",
        "repo": "flake-utils",
        "type": "github"
      }
    },
    "home-manager": {
      "inputs": {
        "nixpkgs": [
          "nixpkgs"
        ]
      },
      "locked": {
        "lastModified": 1741217763,
        "narHash": "sha256-g/TrltIjFHIjtzKY5CJpoPANfHQWDD43G5U1a/v5oVg=",
        "owner": "nix-community",
        "repo": "home-manager",
        "rev": "486b066025dccd8af7fbe5dd2cc79e46b88c80da",
        "type": "github"
      },
      "original": {
        "owner": "nix-community",
        "repo": "home-manager",
        "type": "github"
      }
    },
    "neovim-config": {
      "inputs": {
        "nixCats": "nixCats",
        "nixpkgs": [
          "nixpkgs"
        ],
        "plugins-flexoki-nvim": "plugins-flexoki-nvim"
      },
      "locked": {
        "lastModified": 1740368473,
        "narHash": "sha256-7rWBCAW+beTuOh6jIjG60mqnH8TomilNOOUMEk2AGd8=",
        "owner": "acrobertson",
        "repo": "neovim-config",
        "rev": "c921e75238b0b598be79acd9994260f300f49bd9",
        "type": "github"
      },
      "original": {
        "owner": "acrobertson",
        "repo": "neovim-config",
        "type": "github"
      }
    },
    "nixCats": {
      "locked": {
        "lastModified": 1738991100,
        "narHash": "sha256-smTBsgrpagQrPWnOSq4wcz1Q1UJ4denBNPmBAJN2Ol4=",
        "owner": "BirdeeHub",
        "repo": "nixCats-nvim",
        "rev": "54e2cc42dbefb9e152d9584794f5d8d94a20a534",
        "type": "github"
      },
      "original": {
        "owner": "BirdeeHub",
        "repo": "nixCats-nvim",
        "type": "github"
      }
    },
    "nixpkgs": {
      "locked": {
        "lastModified": 1716358718,
        "narHash": "sha256-NQbegJb2ZZnAqp2EJhWwTf6DrZXSpA6xZCEq+RGV1r0=",
        "owner": "NixOS",
        "repo": "nixpkgs",
        "rev": "3f316d2a50699a78afe5e77ca486ad553169061e",
        "type": "github"
      },
      "original": {
        "owner": "NixOS",
        "ref": "nixpkgs-unstable",
        "repo": "nixpkgs",
        "type": "github"
      }
    },
    "nixpkgs_2": {
      "locked": {
        "lastModified": 1741173522,
        "narHash": "sha256-k7VSqvv0r1r53nUI/IfPHCppkUAddeXn843YlAC5DR0=",
        "owner": "NixOS",
        "repo": "nixpkgs",
        "rev": "d69ab0d71b22fa1ce3dbeff666e6deb4917db049",
        "type": "github"
      },
      "original": {
        "owner": "NixOS",
        "ref": "nixos-unstable",
        "repo": "nixpkgs",
        "type": "github"
      }
    },
    "plugins-flexoki-nvim": {
      "flake": false,
      "locked": {
        "lastModified": 1733944859,
        "narHash": "sha256-p94WbSWtD494N/zLqvGN3OdNmy8iv+b/SjSogEQ9bOA=",
        "owner": "nuvic",
        "repo": "flexoki-nvim",
        "rev": "5b826df81b3701e50fdd820e450d0a03a3898a1a",
        "type": "github"
      },
      "original": {
        "owner": "nuvic",
        "repo": "flexoki-nvim",
        "type": "github"
      }
    },
    "root": {
      "inputs": {
        "_1password-shell-plugins": "_1password-shell-plugins",
        "darwin": "darwin",
        "home-manager": "home-manager",
        "neovim-config": "neovim-config",
        "nixpkgs": "nixpkgs_2"
      }
    },
    "systems": {
      "locked": {
        "lastModified": 1681028828,
        "narHash": "sha256-Vy1rq5AaRuLzOxct8nz4T6wlgyUR7zLU309k9mBC768=",
        "owner": "nix-systems",
        "repo": "default",
        "rev": "da67096a3b9bf56a91d16901293e51ba5b49a27e",
        "type": "github"
      },
      "original": {
        "owner": "nix-systems",
        "repo": "default",
        "type": "github"
      }
    }
  },
  "root": "root",
  "version": 7
}
